Microsoft Visual Studio Solution File, Format Version 12.00
# Visual Studio 2012
Project("{FAE04EC0-301F-11D3-BF4B-00C04F79EFBC}") = "YuzuEAUpdateManager", "YuzuEAUpdateManager.csproj", "{35133030-FF4C-41C0-9357-37080BA2389C}"
EndProject
Global
	GlobalSection(SolutionConfigurationPlatforms) = preSolution
	Debug|Any CPU = Debug|Any CPU
	ExportDebug|Any CPU = ExportDebug|Any CPU
	ExportRelease|Any CPU = ExportRelease|Any CPU
	EndGlobalSection
	GlobalSection(ProjectConfigurationPlatforms) = postSolution
		{35133030-FF4C-41C0-9357-37080BA2389C}.Debug|Any CPU.ActiveCfg = Debug|Any CPU
		{35133030-FF4C-41C0-9357-37080BA2389C}.Debug|Any CPU.Build.0 = Debug|Any CPU
		{35133030-FF4C-41C0-9357-37080BA2389C}.ExportDebug|Any CPU.ActiveCfg = ExportDebug|Any CPU
		{35133030-FF4C-41C0-9357-37080BA2389C}.ExportDebug|Any CPU.Build.0 = ExportDebug|Any CPU
		{35133030-FF4C-41C0-9357-37080BA2389C}.ExportRelease|Any CPU.ActiveCfg = ExportRelease|Any CPU
		{35133030-FF4C-41C0-9357-37080BA2389C}.ExportRelease|Any CPU.Build.0 = ExportRelease|Any CPU
	EndGlobalSection
EndGlobal
